
Microsoft Visual Studio Solution File, Format Version 12.00
# Visual Studio 15
VisualStudioVersion = 15.0.26124.0
MinimumVisualStudioVersion = 15.0.26124.0
Project("{FAE04EC0-301F-11D3-BF4B-00C04F79EFBC}") = "Confab.Web.Core", "src\Confab.Web.Core\Confab.Web.Core.csproj", "{3DDC7DE6-4A3C-4022-9231-AFC98FB53C04}"
EndProject
Project("{FAE04EC0-301F-11D3-BF4B-00C04F79EFBC}") = "Confab.Web.UI", "src\Confab.Web.UI\Confab.Web.UI.csproj", "{33B20EE1-1A8B-4B02-A18F-F9762018D55B}"
EndProject
Project("{2150E333-8FDC-42A3-9474-1A3956D46DE8}") = "src", "src", "{0B6D57E8-C7D3-4B86-A99D-943ED9D0315C}"
EndProject
Project("{2150E333-8FDC-42A3-9474-1A3956D46DE8}") = "tests", "tests", "{4EBE3C32-B4DC-4E24-9DDC-8723919D5F48}"
EndProject
Project("{FAE04EC0-301F-11D3-BF4B-00C04F79EFBC}") = "Confab.Web.Tests", "tests\Confab.Web.Tests\Confab.Web.Tests.csproj", "{6AA4299A-5B87-443D-B531-1E35A049C757}"
EndProject
Global
	GlobalSection(SolutionConfigurationPlatforms) = preSolution
		Debug|Any CPU = Debug|Any CPU
		Debug|x64 = Debug|x64
		Debug|x86 = Debug|x86
		Release|Any CPU = Release|Any CPU
		Release|x64 = Release|x64
		Release|x86 = Release|x86
	EndGlobalSection
	GlobalSection(SolutionProperties) = preSolution
		HideSolutionNode = FALSE
	EndGlobalSection
	GlobalSection(ProjectConfigurationPlatforms) = postSolution
		{3DDC7DE6-4A3C-4022-9231-AFC98FB53C04}.Debug|Any CPU.ActiveCfg = Debug|Any CPU
		{3DDC7DE6-4A3C-4022-9231-AFC98FB53C04}.Debug|Any CPU.Build.0 = Debug|Any CPU
		{3DDC7DE6-4A3C-4022-9231-AFC98FB53C04}.Debug|x64.ActiveCfg = Debug|Any CPU
		{3DDC7DE6-4A3C-4022-9231-AFC98FB53C04}.Debug|x64.Build.0 = Debug|Any CPU
		{3DDC7DE6-4A3C-4022-9231-AFC98FB53C04}.Debug|x86.ActiveCfg = Debug|Any CPU
		{3DDC7DE6-4A3C-4022-9231-AFC98FB53C04}.Debug|x86.Build.0 = Debug|Any CPU
		{3DDC7DE6-4A3C-4022-9231-AFC98FB53C04}.Release|Any CPU.ActiveCfg = Release|Any CPU
		{3DDC7DE6-4A3C-4022-9231-AFC98FB53C04}.Release|Any CPU.Build.0 = Release|Any CPU
		{3DDC7DE6-4A3C-4022-9231-AFC98FB53C04}.Release|x64.ActiveCfg = Release|Any CPU
		{3DDC7DE6-4A3C-4022-9231-AFC98FB53C04}.Release|x64.Build.0 = Release|Any CPU
		{3DDC7DE6-4A3C-4022-9231-AFC98FB53C04}.Release|x86.ActiveCfg = Release|Any CPU
		{3DDC7DE6-4A3C-4022-9231-AFC98FB53C04}.Release|x86.Build.0 = Release|Any CPU
		{33B20EE1-1A8B-4B02-A18F-F9762018D55B}.Debug|Any CPU.ActiveCfg = Debug|Any CPU
		{33B20EE1-1A8B-4B02-A18F-F9762018D55B}.Debug|Any CPU.Build.0 = Debug|Any CPU
		{33B20EE1-1A8B-4B02-A18F-F9762018D55B}.Debug|x64.ActiveCfg = Debug|Any CPU
		{33B20EE1-1A8B-4B02-A18F-F9762018D55B}.Debug|x64.Build.0 = Debug|Any CPU
		{33B20EE1-1A8B-4B02-A18F-F9762018D55B}.Debug|x86.ActiveCfg = Debug|Any CPU
		{33B20EE1-1A8B-4B02-A18F-F9762018D55B}.Debug|x86.Build.0 = Debug|Any CPU
		{33B20EE1-1A8B-4B02-A18F-F9762018D55B}.Release|Any CPU.ActiveCfg = Release|Any CPU
		{33B20EE1-1A8B-4B02-A18F-F9762018D55B}.Release|Any CPU.Build.0 = Release|Any CPU
		{33B20EE1-1A8B-4B02-A18F-F9762018D55B}.Release|x64.ActiveCfg = Release|Any CPU
		{33B20EE1-1A8B-4B02-A18F-F9762018D55B}.Release|x64.Build.0 = Release|Any CPU
		{33B20EE1-1A8B-4B02-A18F-F9762018D55B}.Release|x86.ActiveCfg = Release|Any CPU
		{33B20EE1-1A8B-4B02-A18F-F9762018D55B}.Release|x86.Build.0 = Release|Any CPU
		{6AA4299A-5B87-443D-B531-1E35A049C757}.Debug|Any CPU.ActiveCfg = Debug|Any CPU
		{6AA4299A-5B87-443D-B531-1E35A049C757}.Debug|Any CPU.Build.0 = Debug|Any CPU
		{6AA4299A-5B87-443D-B531-1E35A049C757}.Debug|x64.ActiveCfg = Debug|Any CPU
		{6AA4299A-5B87-443D-B531-1E35A049C757}.Debug|x64.Build.0 = Debug|Any CPU
		{6AA4299A-5B87-443D-B531-1E35A049C757}.Debug|x86.ActiveCfg = Debug|Any CPU
		{6AA4299A-5B87-443D-B531-1E35A049C757}.Debug|x86.Build.0 = Debug|Any CPU
		{6AA4299A-5B87-443D-B531-1E35A049C757}.Release|Any CPU.ActiveCfg = Release|Any CPU
		{6AA4299A-5B87-443D-B531-1E35A049C757}.Release|Any CPU.Build.0 = Release|Any CPU
		{6AA4299A-5B87-443D-B531-1E35A049C757}.Release|x64.ActiveCfg = Release|Any CPU
		{6AA4299A-5B87-443D-B531-1E35A049C757}.Release|x64.Build.0 = Release|Any CPU
		{6AA4299A-5B87-443D-B531-1E35A049C757}.Release|x86.ActiveCfg = Release|Any CPU
		{6AA4299A-5B87-443D-B531-1E35A049C757}.Release|x86.Build.0 = Release|Any CPU
	EndGlobalSection
	GlobalSection(NestedProjects) = preSolution
		{33B20EE1-1A8B-4B02-A18F-F9762018D55B} = {0B6D57E8-C7D3-4B86-A99D-943ED9D0315C}
		{3DDC7DE6-4A3C-4022-9231-AFC98FB53C04} = {0B6D57E8-C7D3-4B86-A99D-943ED9D0315C}
		{6AA4299A-5B87-443D-B531-1E35A049C757} = {4EBE3C32-B4DC-4E24-9DDC-8723919D5F48}
	EndGlobalSection
EndGlobal
